// !$*UTF8*$!
{
	archiveVersion = 1;
	classes = {
	};
	objectVersion = 46;
	objects = {

/* Begin PBXBuildFile section */
		C9167C5A18281DFF00B96756 /* CategoryDetailViewController.m in Sources */ = {isa = PBXBuildFile; fileRef = C9167C5918281DFF00B96756 /* CategoryDetailViewController.m */; };
		C9167C5D1828246400B96756 /* CompanyDetailViewController.m in Sources */ = {isa = PBXBuildFile; fileRef = C9167C5C1828246400B96756 /* CompanyDetailViewController.m */; };
		C999C53A181F8CA800644C20 /* Foundation.framework in Frameworks */ = {isa = PBXBuildFile; fileRef = C999C539181F8CA800644C20 /* Foundation.framework */; };
		C999C53C181F8CA800644C20 /* CoreGraphics.framework in Frameworks */ = {isa = PBXBuildFile; fileRef = C999C53B181F8CA800644C20 /* CoreGraphics.framework */; };
		C999C53E181F8CA800644C20 /* UIKit.framework in Frameworks */ = {isa = PBXBuildFile; fileRef = C999C53D181F8CA800644C20 /* UIKit.framework */; };
		C999C544181F8CA800644C20 /* InfoPlist.strings in Resources */ = {isa = PBXBuildFile; fileRef = C999C542181F8CA800644C20 /* InfoPlist.strings */; };
		C999C546181F8CA800644C20 /* main.m in Sources */ = {isa = PBXBuildFile; fileRef = C999C545181F8CA800644C20 /* main.m */; };
		C999C54A181F8CA800644C20 /* AppDelegate.m in Sources */ = {isa = PBXBuildFile; fileRef = C999C549181F8CA800644C20 /* AppDelegate.m */; };
		C999C54D181F8CA800644C20 /* Main_iPhone.storyboard in Resources */ = {isa = PBXBuildFile; fileRef = C999C54B181F8CA800644C20 /* Main_iPhone.storyboard */; };
		C999C550181F8CA800644C20 /* Main_iPad.storyboard in Resources */ = {isa = PBXBuildFile; fileRef = C999C54E181F8CA800644C20 /* Main_iPad.storyboard */; };
		C999C553181F8CA800644C20 /* CategoriesViewController.m in Sources */ = {isa = PBXBuildFile; fileRef = C999C552181F8CA800644C20 /* CategoriesViewController.m */; };
		C999C556181F8CA800644C20 /* CompaniesViewController.m in Sources */ = {isa = PBXBuildFile; fileRef = C999C555181F8CA800644C20 /* CompaniesViewController.m */; };
		C999C558181F8CA800644C20 /* Images.xcassets in Resources */ = {isa = PBXBuildFile; fileRef = C999C557181F8CA800644C20 /* Images.xcassets */; };
		C999C55F181F8CA800644C20 /* XCTest.framework in Frameworks */ = {isa = PBXBuildFile; fileRef = C999C55E181F8CA800644C20 /* XCTest.framework */; };
		C999C560181F8CA800644C20 /* Foundation.framework in Frameworks */ = {isa = PBXBuildFile; fileRef = C999C539181F8CA800644C20 /* Foundation.framework */; };
		C999C561181F8CA800644C20 /* UIKit.framework in Frameworks */ = {isa = PBXBuildFile; fileRef = C999C53D181F8CA800644C20 /* UIKit.framework */; };
		C999C569181F8CA800644C20 /* InfoPlist.strings in Resources */ = {isa = PBXBuildFile; fileRef = C999C567181F8CA800644C20 /* InfoPlist.strings */; };
		C999C56B181F8CA800644C20 /* BargainBurgTests.m in Sources */ = {isa = PBXBuildFile; fileRef = C999C56A181F8CA800644C20 /* BargainBurgTests.m */; };
		C999C576181F8D3C00644C20 /* SearchViewController.m in Sources */ = {isa = PBXBuildFile; fileRef = C999C575181F8D3C00644C20 /* SearchViewController.m */; };
/* End PBXBuildFile section */

/* Begin PBXContainerItemProxy section */
		C999C562181F8CA800644C20 /* PBXContainerItemProxy */ = {
			isa = PBXContainerItemProxy;
			containerPortal = C999C52E181F8CA800644C20 /* Project object */;
			proxyType = 1;
			remoteGlobalIDString = C999C535181F8CA800644C20;
			remoteInfo = BargainBurg;
		};
/* End PBXContainerItemProxy section */

/* Begin PBXFileReference section */
		C9167C5818281DFF00B96756 /* CategoryDetailViewController.h */ = {isa = PBXFileReference; fileEncoding = 4; lastKnownFileType = sourcecode.c.h; path = CategoryDetailViewController.h; sourceTree = "<group>"; };
		C9167C5918281DFF00B96756 /* CategoryDetailViewController.m */ = {isa = PBXFileReference; fileEncoding = 4; lastKnownFileType = sourcecode.c.objc; path = CategoryDetailViewController.m; sourceTree = "<group>"; };
		C9167C5B1828246400B96756 /* CompanyDetailViewController.h */ = {isa = PBXFileReference; fileEncoding = 4; lastKnownFileType = sourcecode.c.h; path = CompanyDetailViewController.h; sourceTree = "<group>"; };
		C9167C5C1828246400B96756 /* CompanyDetailViewController.m */ = {isa = PBXFileReference; fileEncoding = 4; lastKnownFileType = sourcecode.c.objc; path = CompanyDetailViewController.m; sourceTree = "<group>"; };
		C999C536181F8CA800644C20 /* BargainBurg.app */ = {isa = PBXFileReference; explicitFileType = wrapper.application; includeInIndex = 0; path = BargainBurg.app; sourceTree = BUILT_PRODUCTS_DIR; };
		C999C539181F8CA800644C20 /* Foundation.framework */ = {isa = PBXFileReference; lastKnownFileType = wrapper.framework; name = Foundation.framework; path = System/Library/Frameworks/Foundation.framework; sourceTree = SDKROOT; };
		C999C53B181F8CA800644C20 /* CoreGraphics.framework */ = {isa = PBXFileReference; lastKnownFileType = wrapper.framework; name = CoreGraphics.framework; path = System/Library/Frameworks/CoreGraphics.framework; sourceTree = SDKROOT; };
		C999C53D181F8CA800644C20 /* UIKit.framework */ = {isa = PBXFileReference; lastKnownFileType = wrapper.framework; name = UIKit.framework; path = System/Library/Frameworks/UIKit.framework; sourceTree = SDKROOT; };
		C999C541181F8CA800644C20 /* BargainBurg-Info.plist */ = {isa = PBXFileReference; lastKnownFileType = text.plist.xml; path = "BargainBurg-Info.plist"; sourceTree = "<group>"; };
		C999C543181F8CA800644C20 /* en */ = {isa = PBXFileReference; lastKnownFileType = text.plist.strings; name = en; path = en.lproj/InfoPlist.strings; sourceTree = "<group>"; };
		C999C545181F8CA800644C20 /* main.m */ = {isa = PBXFileReference; lastKnownFileType = sourcecode.c.objc; path = main.m; sourceTree = "<group>"; };
		C999C547181F8CA800644C20 /* BargainBurg-Prefix.pch */ = {isa = PBXFileReference; lastKnownFileType = sourcecode.c.h; path = "BargainBurg-Prefix.pch"; sourceTree = "<group>"; };
		C999C548181F8CA800644C20 /* AppDelegate.h */ = {isa = PBXFileReference; lastKnownFileType = sourcecode.c.h; path = AppDelegate.h; sourceTree = "<group>"; };
		C999C549181F8CA800644C20 /* AppDelegate.m */ = {isa = PBXFileReference; lastKnownFileType = sourcecode.c.objc; path = AppDelegate.m; sourceTree = "<group>"; };
		C999C54C181F8CA800644C20 /* Base */ = {isa = PBXFileReference; lastKnownFileType = file.storyboard; name = Base; path = Base.lproj/Main_iPhone.storyboard; sourceTree = "<group>"; };
		C999C54F181F8CA800644C20 /* Base */ = {isa = PBXFileReference; lastKnownFileType = file.storyboard; name = Base; path = Base.lproj/Main_iPad.storyboard; sourceTree = "<group>"; };
		C999C551181F8CA800644C20 /* CategoriesViewController.h */ = {isa = PBXFileReference; lastKnownFileType = sourcecode.c.h; path = CategoriesViewController.h; sourceTree = "<group>"; };
		C999C552181F8CA800644C20 /* CategoriesViewController.m */ = {isa = PBXFileReference; lastKnownFileType = sourcecode.c.objc; path = CategoriesViewController.m; sourceTree = "<group>"; };
		C999C554181F8CA800644C20 /* CompaniesViewController.h */ = {isa = PBXFileReference; lastKnownFileType = sourcecode.c.h; path = CompaniesViewController.h; sourceTree = "<group>"; };
		C999C555181F8CA800644C20 /* CompaniesViewController.m */ = {isa = PBXFileReference; lastKnownFileType = sourcecode.c.objc; path = CompaniesViewController.m; sourceTree = "<group>"; };
		C999C557181F8CA800644C20 /* Images.xcassets */ = {isa = PBXFileReference; lastKnownFileType = folder.assetcatalog; path = Images.xcassets; sourceTree = "<group>"; };
		C999C55D181F8CA800644C20 /* BargainBurgTests.xctest */ = {isa = PBXFileReference; explicitFileType = wrapper.cfbundle; includeInIndex = 0; path = BargainBurgTests.xctest; sourceTree = BUILT_PRODUCTS_DIR; };
		C999C55E181F8CA800644C20 /* XCTest.framework */ = {isa = PBXFileReference; lastKnownFileType = wrapper.framework; name = XCTest.framework; path = Library/Frameworks/XCTest.framework; sourceTree = DEVELOPER_DIR; };
		C999C566181F8CA800644C20 /* BargainBurgTests-Info.plist */ = {isa = PBXFileReference; lastKnownFileType = text.plist.xml; path = "BargainBurgTests-Info.plist"; sourceTree = "<group>"; };
		C999C568181F8CA800644C20 /* en */ = {isa = PBXFileReference; lastKnownFileType = text.plist.strings; name = en; path = en.lproj/InfoPlist.strings; sourceTree = "<group>"; };
		C999C56A181F8CA800644C20 /* BargainBurgTests.m */ = {isa = PBXFileReference; lastKnownFileType = sourcecode.c.objc; path = BargainBurgTests.m; sourceTree = "<group>"; };
		C999C574181F8D3C00644C20 /* SearchViewController.h */ = {isa = PBXFileReference; fileEncoding = 4; lastKnownFileType = sourcecode.c.h; path = SearchViewController.h; sourceTree = "<group>"; };
		C999C575181F8D3C00644C20 /* SearchViewController.m */ = {isa = PBXFileReference; fileEncoding = 4; lastKnownFileType = sourcecode.c.objc; path = SearchViewController.m; sourceTree = "<group>"; };
/* End PBXFileReference section */

/* Begin PBXFrameworksBuildPhase section */
		C999C533181F8CA800644C20 /* Frameworks */ = {
			isa = PBXFrameworksBuildPhase;
			buildActionMask = 2147483647;
			files = (
				C999C53C181F8CA800644C20 /* CoreGraphics.framework in Frameworks */,
				C999C53E181F8CA800644C20 /* UIKit.framework in Frameworks */,
				C999C53A181F8CA800644C20 /* Foundation.framework in Frameworks */,
			);
			runOnlyForDeploymentPostprocessing = 0;
		};
		C999C55A181F8CA800644C20 /* Frameworks */ = {
			isa = PBXFrameworksBuildPhase;
			buildActionMask = 2147483647;
			files = (
				C999C55F181F8CA800644C20 /* XCTest.framework in Frameworks */,
				C999C561181F8CA800644C20 /* UIKit.framework in Frameworks */,
				C999C560181F8CA800644C20 /* Foundation.framework in Frameworks */,
			);
			runOnlyForDeploymentPostprocessing = 0;
		};
/* End PBXFrameworksBuildPhase section */

/* Begin PBXGroup section */
		C999C52D181F8CA800644C20 = {
			isa = PBXGroup;
			children = (
				C999C53F181F8CA800644C20 /* BargainBurg */,
				C999C564181F8CA800644C20 /* BargainBurgTests */,
				C999C538181F8CA800644C20 /* Frameworks */,
				C999C537181F8CA800644C20 /* Products */,
			);
			sourceTree = "<group>";
		};
		C999C537181F8CA800644C20 /* Products */ = {
			isa = PBXGroup;
			children = (
				C999C536181F8CA800644C20 /* BargainBurg.app */,
				C999C55D181F8CA800644C20 /* BargainBurgTests.xctest */,
			);
			name = Products;
			sourceTree = "<group>";
		};
		C999C538181F8CA800644C20 /* Frameworks */ = {
			isa = PBXGroup;
			children = (
				C999C539181F8CA800644C20 /* Foundation.framework */,
				C999C53B181F8CA800644C20 /* CoreGraphics.framework */,
				C999C53D181F8CA800644C20 /* UIKit.framework */,
				C999C55E181F8CA800644C20 /* XCTest.framework */,
			);
			name = Frameworks;
			sourceTree = "<group>";
		};
		C999C53F181F8CA800644C20 /* BargainBurg */ = {
			isa = PBXGroup;
			children = (
				C999C548181F8CA800644C20 /* AppDelegate.h */,
				C999C549181F8CA800644C20 /* AppDelegate.m */,
				C999C54B181F8CA800644C20 /* Main_iPhone.storyboard */,
				C999C54E181F8CA800644C20 /* Main_iPad.storyboard */,
				C999C551181F8CA800644C20 /* CategoriesViewController.h */,
				C999C552181F8CA800644C20 /* CategoriesViewController.m */,
				C9167C5818281DFF00B96756 /* CategoryDetailViewController.h */,
				C9167C5918281DFF00B96756 /* CategoryDetailViewController.m */,
				C999C554181F8CA800644C20 /* CompaniesViewController.h */,
				C999C555181F8CA800644C20 /* CompaniesViewController.m */,
				C9167C5B1828246400B96756 /* CompanyDetailViewController.h */,
				C9167C5C1828246400B96756 /* CompanyDetailViewController.m */,
				C999C574181F8D3C00644C20 /* SearchViewController.h */,
				C999C575181F8D3C00644C20 /* SearchViewController.m */,
				C999C557181F8CA800644C20 /* Images.xcassets */,
				C999C540181F8CA800644C20 /* Supporting Files */,
			);
			path = BargainBurg;
			sourceTree = "<group>";
		};
		C999C540181F8CA800644C20 /* Supporting Files */ = {
			isa = PBXGroup;
			children = (
				C999C541181F8CA800644C20 /* BargainBurg-Info.plist */,
				C999C542181F8CA800644C20 /* InfoPlist.strings */,
				C999C545181F8CA800644C20 /* main.m */,
				C999C547181F8CA800644C20 /* BargainBurg-Prefix.pch */,
			);
			name = "Supporting Files";
			sourceTree = "<group>";
		};
		C999C564181F8CA800644C20 /* BargainBurgTests */ = {
			isa = PBXGroup;
			children = (
				C999C56A181F8CA800644C20 /* BargainBurgTests.m */,
				C999C565181F8CA800644C20 /* Supporting Files */,
			);
			path = BargainBurgTests;
			sourceTree = "<group>";
		};
		C999C565181F8CA800644C20 /* Supporting Files */ = {
			isa = PBXGroup;
			children = (
				C999C566181F8CA800644C20 /* BargainBurgTests-Info.plist */,
				C999C567181F8CA800644C20 /* InfoPlist.strings */,
			);
			name = "Supporting Files";
			sourceTree = "<group>";
		};
/* End PBXGroup section */

/* Begin PBXNativeTarget section */
		C999C535181F8CA800644C20 /* BargainBurg */ = {
			isa = PBXNativeTarget;
			buildConfigurationList = C999C56E181F8CA800644C20 /* Build configuration list for PBXNativeTarget "BargainBurg" */;
			buildPhases = (
				C999C532181F8CA800644C20 /* Sources */,
				C999C533181F8CA800644C20 /* Frameworks */,
				C999C534181F8CA800644C20 /* Resources */,
			);
			buildRules = (
			);
			dependencies = (
			);
			name = BargainBurg;
			productName = BargainBurg;
			productReference = C999C536181F8CA800644C20 /* BargainBurg.app */;
			productType = "com.apple.product-type.application";
		};
		C999C55C181F8CA800644C20 /* BargainBurgTests */ = {
			isa = PBXNativeTarget;
			buildConfigurationList = C999C571181F8CA800644C20 /* Build configuration list for PBXNativeTarget "BargainBurgTests" */;
			buildPhases = (
				C999C559181F8CA800644C20 /* Sources */,
				C999C55A181F8CA800644C20 /* Frameworks */,
				C999C55B181F8CA800644C20 /* Resources */,
			);
			buildRules = (
			);
			dependencies = (
				C999C563181F8CA800644C20 /* PBXTargetDependency */,
			);
			name = BargainBurgTests;
			productName = BargainBurgTests;
			productReference = C999C55D181F8CA800644C20 /* BargainBurgTests.xctest */;
			productType = "com.apple.product-type.bundle.unit-test";
		};
/* End PBXNativeTarget section */

/* Begin PBXProject section */
		C999C52E181F8CA800644C20 /* Project object */ = {
			isa = PBXProject;
			attributes = {
				LastUpgradeCheck = 0500;
				ORGANIZATIONNAME = "Matt Dallmeyer";
				TargetAttributes = {
					C999C55C181F8CA800644C20 = {
						TestTargetID = C999C535181F8CA800644C20;
					};
				};
			};
			buildConfigurationList = C999C531181F8CA800644C20 /* Build configuration list for PBXProject "BargainBurg" */;
			compatibilityVersion = "Xcode 3.2";
			developmentRegion = English;
			hasScannedForEncodings = 0;
			knownRegions = (
				en,
				Base,
			);
			mainGroup = C999C52D181F8CA800644C20;
			productRefGroup = C999C537181F8CA800644C20 /* Products */;
			projectDirPath = "";
			projectRoot = "";
			targets = (
				C999C535181F8CA800644C20 /* BargainBurg */,
				C999C55C181F8CA800644C20 /* BargainBurgTests */,
			);
		};
/* End PBXProject section */

/* Begin PBXResourcesBuildPhase section */
		C999C534181F8CA800644C20 /* Resources */ = {
			isa = PBXResourcesBuildPhase;
			buildActionMask = 2147483647;
			files = (
				C999C550181F8CA800644C20 /* Main_iPad.storyboard in Resources */,
				C999C558181F8CA800644C20 /* Images.xcassets in Resources */,
				C999C54D181F8CA800644C20 /* Main_iPhone.storyboard in Resources */,
				C999C544181F8CA800644C20 /* InfoPlist.strings in Resources */,
			);
			runOnlyForDeploymentPostprocessing = 0;
		};
		C999C55B181F8CA800644C20 /* Resources */ = {
			isa = PBXResourcesBuildPhase;
			buildActionMask = 2147483647;
			files = (
				C999C569181F8CA800644C20 /* InfoPlist.strings in Resources */,
			);
			runOnlyForDeploymentPostprocessing = 0;
		};
/* End PBXResourcesBuildPhase section */

/* Begin PBXSourcesBuildPhase section */
		C999C532181F8CA800644C20 /* Sources */ = {
			isa = PBXSourcesBuildPhase;
			buildActionMask = 2147483647;
			files = (
				C999C556181F8CA800644C20 /* CompaniesViewController.m in Sources */,
				C9167C5D1828246400B96756 /* CompanyDetailViewController.m in Sources */,
				C9167C5A18281DFF00B96756 /* CategoryDetailViewController.m in Sources */,
				C999C576181F8D3C00644C20 /* SearchViewController.m in Sources */,
				C999C54A181F8CA800644C20 /* AppDelegate.m in Sources */,
				C999C553181F8CA800644C20 /* CategoriesViewController.m in Sources */,
				C999C546181F8CA800644C20 /* main.m in Sources */,
			);
			runOnlyForDeploymentPostprocessing = 0;
		};
		C999C559181F8CA800644C20 /* Sources */ = {
			isa = PBXSourcesBuildPhase;
			buildActionMask = 2147483647;
			files = (
				C999C56B181F8CA800644C20 /* BargainBurgTests.m in Sources */,
			);
			runOnlyForDeploymentPostprocessing = 0;
		};
/* End PBXSourcesBuildPhase section */

/* Begin PBXTargetDependency section */
		C999C563181F8CA800644C20 /* PBXTargetDependency */ = {
			isa = PBXTargetDependency;
			target = C999C535181F8CA800644C20 /* BargainBurg */;
			targetProxy = C999C562181F8CA800644C20 /* PBXContainerItemProxy */;
		};
/* End PBXTargetDependency section */

/* Begin PBXVariantGroup section */
		C999C542181F8CA800644C20 /* InfoPlist.strings */ = {
			isa = PBXVariantGroup;
			children = (
				C999C543181F8CA800644C20 /* en */,
			);
			name = InfoPlist.strings;
			sourceTree = "<group>";
		};
		C999C54B181F8CA800644C20 /* Main_iPhone.storyboard */ = {
			isa = PBXVariantGroup;
			children = (
				C999C54C181F8CA800644C20 /* Base */,
			);
			name = Main_iPhone.storyboard;
			sourceTree = "<group>";
		};
		C999C54E181F8CA800644C20 /* Main_iPad.storyboard */ = {
			isa = PBXVariantGroup;
			children = (
				C999C54F181F8CA800644C20 /* Base */,
			);
			name = Main_iPad.storyboard;
			sourceTree = "<group>";
		};
		C999C567181F8CA800644C20 /* InfoPlist.strings */ = {
			isa = PBXVariantGroup;
			children = (
				C999C568181F8CA800644C20 /* en */,
			);
			name = InfoPlist.strings;
			sourceTree = "<group>";
		};
/* End PBXVariantGroup section */

/* Begin XCBuildConfiguration section */
		C999C56C181F8CA800644C20 /* Debug */ = {
			isa = XCBuildConfiguration;
			buildSettings = {
				ALWAYS_SEARCH_USER_PATHS = NO;
				ARCHS = "$(ARCHS_STANDARD_INCLUDING_64_BIT)";
				CLANG_CXX_LANGUAGE_STANDARD = "gnu++0x";
				CLANG_CXX_LIBRARY = "libc++";
				CLANG_ENABLE_MODULES = YES;
				CLANG_ENABLE_OBJC_ARC = YES;
				CLANG_WARN_BOOL_CONVERSION = YES;
				CLANG_WARN_CONSTANT_CONVERSION = YES;
				CLANG_WARN_DIRECT_OBJC_ISA_USAGE = YES_ERROR;
				CLANG_WARN_EMPTY_BODY = YES;
				CLANG_WARN_ENUM_CONVERSION = YES;
				CLANG_WARN_INT_CONVERSION = YES;
				CLANG_WARN_OBJC_ROOT_CLASS = YES_ERROR;
				CLANG_WARN__DUPLICATE_METHOD_MATCH = YES;
				"CODE_SIGN_IDENTITY[sdk=iphoneos*]" = "iPhone Developer";
				COPY_PHASE_STRIP = NO;
				GCC_C_LANGUAGE_STANDARD = gnu99;
				GCC_DYNAMIC_NO_PIC = NO;
				GCC_OPTIMIZATION_LEVEL = 0;
				GCC_PREPROCESSOR_DEFINITIONS = (
					"DEBUG=1",
					"$(inherited)",
				);
				GCC_SYMBOLS_PRIVATE_EXTERN = NO;
				GCC_WARN_64_TO_32_BIT_CONVERSION = YES;
				GCC_WARN_ABOUT_RETURN_TYPE = YES_ERROR;
				GCC_WARN_UNDECLARED_SELECTOR = YES;
				GCC_WARN_UNINITIALIZED_AUTOS = YES;
				GCC_WARN_UNUSED_FUNCTION = YES;
				GCC_WARN_UNUSED_VARIABLE = YES;
				IPHONEOS_DEPLOYMENT_TARGET = 7.0;
				ONLY_ACTIVE_ARCH = YES;
				SDKROOT = iphoneos;
				TARGETED_DEVICE_FAMILY = "1,2";
			};
			name = Debug;
		};
		C999C56D181F8CA800644C20 /* Release */ = {
			isa = XCBuildConfiguration;
			buildSettings = {
				ALWAYS_SEARCH_USER_PATHS = NO;
				ARCHS = "$(ARCHS_STANDARD_INCLUDING_64_BIT)";
				CLANG_CXX_LANGUAGE_STANDARD = "gnu++0x";
				CLANG_CXX_LIBRARY = "libc++";
				CLANG_ENABLE_MODULES = YES;
				CLANG_ENABLE_OBJC_ARC = YES;
				CLANG_WARN_BOOL_CONVERSION = YES;
				CLANG_WARN_CONSTANT_CONVERSION = YES;
				CLANG_WARN_DIRECT_OBJC_ISA_USAGE = YES_ERROR;
				CLANG_WARN_EMPTY_BODY = YES;
				CLANG_WARN_ENUM_CONVERSION = YES;
				CLANG_WARN_INT_CONVERSION = YES;
				CLANG_WARN_OBJC_ROOT_CLASS = YES_ERROR;
				CLANG_WARN__DUPLICATE_METHOD_MATCH = YES;
				"CODE_SIGN_IDENTITY[sdk=iphoneos*]" = "iPhone Developer";
				COPY_PHASE_STRIP = YES;
				ENABLE_NS_ASSERTIONS = NO;
				GCC_C_LANGUAGE_STANDARD = gnu99;
				GCC_WARN_64_TO_32_BIT_CONVERSION = YES;
				GCC_WARN_ABOUT_RETURN_TYPE = YES_ERROR;
				GCC_WARN_UNDECLARED_SELECTOR = YES;
				GCC_WARN_UNINITIALIZED_AUTOS = YES;
				GCC_WARN_UNUSED_FUNCTION = YES;
				GCC_WARN_UNUSED_VARIABLE = YES;
				IPHONEOS_DEPLOYMENT_TARGET = 7.0;
				SDKROOT = iphoneos;
				TARGETED_DEVICE_FAMILY = "1,2";
				VALIDATE_PRODUCT = YES;
			};
			name = Release;
		};
		C999C56F181F8CA800644C20 /* Debug */ = {
			isa = XCBuildConfiguration;
			buildSettings = {
				ASSETCATALOG_COMPILER_APPICON_NAME = AppIcon;
				ASSETCATALOG_COMPILER_LAUNCHIMAGE_NAME = LaunchImage;
				GCC_PRECOMPILE_PREFIX_HEADER = YES;
				GCC_PREFIX_HEADER = "BargainBurg/BargainBurg-Prefix.pch";
				INFOPLIST_FILE = "BargainBurg/BargainBurg-Info.plist";
				PRODUCT_NAME = "$(TARGET_NAME)";
				WRAPPER_EXTENSION = app;
			};
			name = Debug;
		};
		C999C570181F8CA800644C20 /* Release */ = {
			isa = XCBuildConfiguration;
			buildSettings = {
				ASSETCATALOG_COMPILER_APPICON_NAME = AppIcon;
				ASSETCATALOG_COMPILER_LAUNCHIMAGE_NAME = LaunchImage;
				GCC_PRECOMPILE_PREFIX_HEADER = YES;
				GCC_PREFIX_HEADER = "BargainBurg/BargainBurg-Prefix.pch";
				INFOPLIST_FILE = "BargainBurg/BargainBurg-Info.plist";
				PRODUCT_NAME = "$(TARGET_NAME)";
				WRAPPER_EXTENSION = app;
			};
			name = Release;
		};
		C999C572181F8CA800644C20 /* Debug */ = {
			isa = XCBuildConfiguration;
			buildSettings = {
				ARCHS = "$(ARCHS_STANDARD_INCLUDING_64_BIT)";
				BUNDLE_LOADER = "$(BUILT_PRODUCTS_DIR)/BargainBurg.app/BargainBurg";
				FRAMEWORK_SEARCH_PATHS = (
					"$(SDKROOT)/Developer/Library/Frameworks",
					"$(inherited)",
					"$(DEVELOPER_FRAMEWORKS_DIR)",
				);
				GCC_PRECOMPILE_PREFIX_HEADER = YES;
				GCC_PREFIX_HEADER = "BargainBurg/BargainBurg-Prefix.pch";
				GCC_PREPROCESSOR_DEFINITIONS = (
					"DEBUG=1",
					"$(inherited)",
				);
				INFOPLIST_FILE = "BargainBurgTests/BargainBurgTests-Info.plist";
				PRODUCT_NAME = "$(TARGET_NAME)";
				TEST_HOST = "$(BUNDLE_LOADER)";
				WRAPPER_EXTENSION = xctest;
			};
			name = Debug;
		};
		C999C573181F8CA800644C20 /* Release */ = {
			isa = XCBuildConfiguration;
			buildSettings = {
				ARCHS = "$(ARCHS_STANDARD_INCLUDING_64_BIT)";
				BUNDLE_LOADER = "$(BUILT_PRODUCTS_DIR)/BargainBurg.app/BargainBurg";
				FRAMEWORK_SEARCH_PATHS = (
					"$(SDKROOT)/Developer/Library/Frameworks",
					"$(inherited)",
					"$(DEVELOPER_FRAMEWORKS_DIR)",
				);
				GCC_PRECOMPILE_PREFIX_HEADER = YES;
				GCC_PREFIX_HEADER = "BargainBurg/BargainBurg-Prefix.pch";
				INFOPLIST_FILE = "BargainBurgTests/BargainBurgTests-Info.plist";
				PRODUCT_NAME = "$(TARGET_NAME)";
				TEST_HOST = "$(BUNDLE_LOADER)";
				WRAPPER_EXTENSION = xctest;
			};
			name = Release;
		};
/* End XCBuildConfiguration section */

/* Begin XCConfigurationList section */
		C999C531181F8CA800644C20 /* Build configuration list for PBXProject "BargainBurg" */ = {
			isa = XCConfigurationList;
			buildConfigurations = (
				C999C56C181F8CA800644C20 /* Debug */,
				C999C56D181F8CA800644C20 /* Release */,
			);
			defaultConfigurationIsVisible = 0;
			defaultConfigurationName = Release;
		};
		C999C56E181F8CA800644C20 /* Build configuration list for PBXNativeTarget "BargainBurg" */ = {
			isa = XCConfigurationList;
			buildConfigurations = (
				C999C56F181F8CA800644C20 /* Debug */,
				C999C570181F8CA800644C20 /* Release */,
			);
			defaultConfigurationIsVisible = 0;
			defaultConfigurationName = Release;
		};
		C999C571181F8CA800644C20 /* Build configuration list for PBXNativeTarget "BargainBurgTests" */ = {
			isa = XCConfigurationList;
			buildConfigurations = (
				C999C572181F8CA800644C20 /* Debug */,
				C999C573181F8CA800644C20 /* Release */,
			);
			defaultConfigurationIsVisible = 0;
			defaultConfigurationName = Release;
		};
/* End XCConfigurationList section */
	};
	rootObject = C999C52E181F8CA800644C20 /* Project object */;
}
